
Microsoft Visual Studio Solution File, Format Version 12.00
# Visual Studio 15
VisualStudioVersion = 15.0.28307.421
MinimumVisualStudioVersion = 10.0.40219.1
Project("{FAE04EC0-301F-11D3-BF4B-00C04F79EFBC}") = "Nevena Spasovska_Homework_class02_ex.7", "Nevena Spasovska_Homework_class02_ex.7\Nevena Spasovska_Homework_class02_ex.7.csproj", "{B9D9C154-46BA-47F3-BF43-6C39BFBD0880}"
EndProject
Global
	GlobalSection(SolutionConfigurationPlatforms) = preSolution
		Debug|Any CPU = Debug|Any CPU
		Release|Any CPU = Release|Any CPU
	EndGlobalSection
	GlobalSection(ProjectConfigurationPlatforms) = postSolution
		{B9D9C154-46BA-47F3-BF43-6C39BFBD0880}.Debug|Any CPU.ActiveCfg = Debug|Any CPU
		{B9D9C154-46BA-47F3-BF43-6C39BFBD0880}.Debug|Any CPU.Build.0 = Debug|Any CPU
		{B9D9C154-46BA-47F3-BF43-6C39BFBD0880}.Release|Any CPU.ActiveCfg = Release|Any CPU
		{B9D9C154-46BA-47F3-BF43-6C39BFBD0880}.Release|Any CPU.Build.0 = Release|Any CPU
	EndGlobalSection
	GlobalSection(SolutionProperties) = preSolution
		HideSolutionNode = FALSE
	EndGlobalSection
	GlobalSection(ExtensibilityGlobals) = postSolution
		SolutionGuid = {DA8D97F7-0487-41AF-9FDE-5D9F670D3FEE}
	EndGlobalSection
EndGlobal
